// !$*UTF8*$!
{
	archiveVersion = 1;
	classes = {
	};
	objectVersion = 46;
	objects = {

/* Begin PBXBuildFile section */
		0B56EDA91A8F65520066F22C /* gol-universe.c in Sources */ = {isa = PBXBuildFile; fileRef = 0B56ED8C1A8F61830066F22C /* gol-universe.c */; };
		0BC8BE921A8F6ECE003B1CED /* gol-cell.c in Sources */ = {isa = PBXBuildFile; fileRef = 0BC8BE911A8F6ECE003B1CED /* gol-cell.c */; };
		0BC8BE951A8F7215003B1CED /* gol-types.c in Sources */ = {isa = PBXBuildFile; fileRef = 0BC8BE941A8F7215003B1CED /* gol-types.c */; };
		0BC8BE9A1A8F8D28003B1CED /* gol-rand-internal.c in Sources */ = {isa = PBXBuildFile; fileRef = 0BC8BE981A8F8D28003B1CED /* gol-rand-internal.c */; };
		0BC8BEA51A901FDD003B1CED /* main.c in Sources */ = {isa = PBXBuildFile; fileRef = 0BC8BEA41A901FDD003B1CED /* main.c */; };
		0BC8BEAB1A90E64E003B1CED /* libgol.a in Frameworks */ = {isa = PBXBuildFile; fileRef = 0B56ED911A8F64030066F22C /* libgol.a */; };
/* End PBXBuildFile section */

/* Begin PBXContainerItemProxy section */
		0BC8BEA91A90201E003B1CED /* PBXContainerItemProxy */ = {
			isa = PBXContainerItemProxy;
			containerPortal = 0B41E1AA1A8F60E0006AA217 /* Project object */;
			proxyType = 1;
			remoteGlobalIDString = 0B56ED901A8F64030066F22C;
			remoteInfo = libgol;
		};
/* End PBXContainerItemProxy section */

/* Begin PBXCopyFilesBuildPhase section */
		0B56ED8F1A8F64030066F22C /* CopyFiles */ = {
			isa = PBXCopyFilesBuildPhase;
			buildActionMask = 2147483647;
			dstPath = "include/$(PRODUCT_NAME)";
			dstSubfolderSpec = 16;
			files = (
			);
			runOnlyForDeploymentPostprocessing = 0;
		};
		0BC8BEA01A901FDD003B1CED /* CopyFiles */ = {
			isa = PBXCopyFilesBuildPhase;
			buildActionMask = 2147483647;
			dstPath = /usr/share/man/man1/;
			dstSubfolderSpec = 0;
			files = (
			);
			runOnlyForDeploymentPostprocessing = 1;
		};
/* End PBXCopyFilesBuildPhase section */

/* Begin PBXFileReference section */
		0B56ED8A1A8F61830066F22C /* gol-types.h */ = {isa = PBXFileReference; lastKnownFileType = sourcecode.c.h; name = "gol-types.h"; path = "../gol/include/gol/gol-types.h"; sourceTree = "<group>"; };
		0B56ED8B1A8F61830066F22C /* gol-universe.h */ = {isa = PBXFileReference; lastKnownFileType = sourcecode.c.h; name = "gol-universe.h"; path = "../gol/include/gol/gol-universe.h"; sourceTree = "<group>"; };
		0B56ED8C1A8F61830066F22C /* gol-universe.c */ = {isa = PBXFileReference; lastKnownFileType = sourcecode.c.c; name = "gol-universe.c"; path = "../gol/src/gol-universe.c"; sourceTree = "<group>"; };
		0B56ED911A8F64030066F22C /* libgol.a */ = {isa = PBXFileReference; explicitFileType = archive.ar; includeInIndex = 0; path = libgol.a; sourceTree = BUILT_PRODUCTS_DIR; };
		0BC8BE8E1A8F6910003B1CED /* GameOfLife.xcconfig */ = {isa = PBXFileReference; lastKnownFileType = text.xcconfig; path = GameOfLife.xcconfig; sourceTree = "<group>"; };
		0BC8BE901A8F6DE5003B1CED /* gol-cell.h */ = {isa = PBXFileReference; lastKnownFileType = sourcecode.c.h; name = "gol-cell.h"; path = "../gol/include/gol/gol-cell.h"; sourceTree = "<group>"; };
		0BC8BE911A8F6ECE003B1CED /* gol-cell.c */ = {isa = PBXFileReference; fileEncoding = 4; lastKnownFileType = sourcecode.c.c; name = "gol-cell.c"; path = "../gol/src/gol-cell.c"; sourceTree = "<group>"; };
		0BC8BE931A8F7147003B1CED /* gol-defines.h */ = {isa = PBXFileReference; lastKnownFileType = sourcecode.c.h; name = "gol-defines.h"; path = "../gol/include/gol/gol-defines.h"; sourceTree = "<group>"; };
		0BC8BE941A8F7215003B1CED /* gol-types.c */ = {isa = PBXFileReference; fileEncoding = 4; lastKnownFileType = sourcecode.c.c; name = "gol-types.c"; path = "../gol/src/gol-types.c"; sourceTree = "<group>"; };
		0BC8BE971A8F7751003B1CED /* gol-cell-internal.h */ = {isa = PBXFileReference; lastKnownFileType = sourcecode.c.h; name = "gol-cell-internal.h"; path = "../gol/src/gol-cell-internal.h"; sourceTree = "<group>"; };
		0BC8BE981A8F8D28003B1CED /* gol-rand-internal.c */ = {isa = PBXFileReference; fileEncoding = 4; lastKnownFileType = sourcecode.c.c; name = "gol-rand-internal.c"; path = "../gol/src/gol-rand-internal.c"; sourceTree = "<group>"; };
		0BC8BE991A8F8D28003B1CED /* gol-rand-internal.h */ = {isa = PBXFileReference; fileEncoding = 4; lastKnownFileType = sourcecode.c.h; name = "gol-rand-internal.h"; path = "../gol/src/gol-rand-internal.h"; sourceTree = "<group>"; };
		0BC8BEA21A901FDD003B1CED /* rungol */ = {isa = PBXFileReference; explicitFileType = "compiled.mach-o.executable"; includeInIndex = 0; path = rungol; sourceTree = BUILT_PRODUCTS_DIR; };
		0BC8BEA41A901FDD003B1CED /* main.c */ = {isa = PBXFileReference; lastKnownFileType = sourcecode.c.c; name = main.c; path = gol/main.c; sourceTree = "<group>"; };
/* End PBXFileReference section */

/* Begin PBXFrameworksBuildPhase section */
		0B56ED8E1A8F64030066F22C /* Frameworks */ = {
			isa = PBXFrameworksBuildPhase;
			buildActionMask = 2147483647;
			files = (
			);
			runOnlyForDeploymentPostprocessing = 0;
		};
		0BC8BE9F1A901FDD003B1CED /* Frameworks */ = {
			isa = PBXFrameworksBuildPhase;
			buildActionMask = 2147483647;
			files = (
				0BC8BEAB1A90E64E003B1CED /* libgol.a in Frameworks */,
			);
			runOnlyForDeploymentPostprocessing = 0;
		};
/* End PBXFrameworksBuildPhase section */

/* Begin PBXGroup section */
		0B41E1A91A8F60E0006AA217 = {
			isa = PBXGroup;
			children = (
				0BC8BE9B1A901F47003B1CED /* Apps */,
				0BC8BE8F1A8F6916003B1CED /* Configuration */,
				0B56ED891A8F61470066F22C /* Library */,
				0B56ED921A8F64030066F22C /* Products */,
			);
			sourceTree = "<group>";
		};
		0B56ED891A8F61470066F22C /* Library */ = {
			isa = PBXGroup;
			children = (
				0BC8BE961A8F771F003B1CED /* gol */,
				0BC8BE971A8F7751003B1CED /* gol-cell-internal.h */,
				0BC8BE911A8F6ECE003B1CED /* gol-cell.c */,
				0BC8BE981A8F8D28003B1CED /* gol-rand-internal.c */,
				0BC8BE991A8F8D28003B1CED /* gol-rand-internal.h */,
				0BC8BE941A8F7215003B1CED /* gol-types.c */,
				0B56ED8C1A8F61830066F22C /* gol-universe.c */,
			);
			name = Library;
			sourceTree = "<group>";
		};
		0B56ED921A8F64030066F22C /* Products */ = {
			isa = PBXGroup;
			children = (
				0B56ED911A8F64030066F22C /* libgol.a */,
				0BC8BEA21A901FDD003B1CED /* rungol */,
			);
			name = Products;
			sourceTree = "<group>";
		};
		0BC8BE8F1A8F6916003B1CED /* Configuration */ = {
			isa = PBXGroup;
			children = (
				0BC8BE8E1A8F6910003B1CED /* GameOfLife.xcconfig */,
			);
			name = Configuration;
			sourceTree = "<group>";
		};
		0BC8BE961A8F771F003B1CED /* gol */ = {
			isa = PBXGroup;
			children = (
				0BC8BE901A8F6DE5003B1CED /* gol-cell.h */,
				0BC8BE931A8F7147003B1CED /* gol-defines.h */,
				0B56ED8A1A8F61830066F22C /* gol-types.h */,
				0B56ED8B1A8F61830066F22C /* gol-universe.h */,
			);
			name = gol;
			sourceTree = "<group>";
		};
		0BC8BE9B1A901F47003B1CED /* Apps */ = {
			isa = PBXGroup;
			children = (
				0BC8BE9C1A901F55003B1CED /* Command Line */,
			);
			name = Apps;
			sourceTree = "<group>";
		};
		0BC8BE9C1A901F55003B1CED /* Command Line */ = {
			isa = PBXGroup;
			children = (
				0BC8BEA41A901FDD003B1CED /* main.c */,
			);
			name = "Command Line";
			sourceTree = "<group>";
		};
/* End PBXGroup section */

/* Begin PBXNativeTarget section */
		0B56ED901A8F64030066F22C /* gol */ = {
			isa = PBXNativeTarget;
			buildConfigurationList = 0B56EDA31A8F64030066F22C /* Build configuration list for PBXNativeTarget "gol" */;
			buildPhases = (
				0B56ED8D1A8F64030066F22C /* Sources */,
				0B56ED8E1A8F64030066F22C /* Frameworks */,
				0B56ED8F1A8F64030066F22C /* CopyFiles */,
			);
			buildRules = (
			);
			dependencies = (
			);
			name = gol;
			productName = "game-of-life";
			productReference = 0B56ED911A8F64030066F22C /* libgol.a */;
			productType = "com.apple.product-type.library.static";
		};
		0BC8BEA11A901FDD003B1CED /* rungol */ = {
			isa = PBXNativeTarget;
			buildConfigurationList = 0BC8BEA61A901FDD003B1CED /* Build configuration list for PBXNativeTarget "rungol" */;
			buildPhases = (
				0BC8BE9E1A901FDD003B1CED /* Sources */,
				0BC8BE9F1A901FDD003B1CED /* Frameworks */,
				0BC8BEA01A901FDD003B1CED /* CopyFiles */,
			);
			buildRules = (
			);
			dependencies = (
				0BC8BEAA1A90201E003B1CED /* PBXTargetDependency */,
			);
			name = rungol;
			productName = gol;
			productReference = 0BC8BEA21A901FDD003B1CED /* rungol */;
			productType = "com.apple.product-type.tool";
		};
/* End PBXNativeTarget section */

/* Begin PBXProject section */
		0B41E1AA1A8F60E0006AA217 /* Project object */ = {
			isa = PBXProject;
			attributes = {
				LastUpgradeCheck = 0610;
				TargetAttributes = {
					0B56ED901A8F64030066F22C = {
						CreatedOnToolsVersion = 6.1.1;
					};
					0BC8BEA11A901FDD003B1CED = {
						CreatedOnToolsVersion = 6.1.1;
					};
				};
			};
			buildConfigurationList = 0B41E1AD1A8F60E0006AA217 /* Build configuration list for PBXProject "GameOfLife" */;
			compatibilityVersion = "Xcode 3.2";
			developmentRegion = English;
			hasScannedForEncodings = 0;
			knownRegions = (
				en,
			);
			mainGroup = 0B41E1A91A8F60E0006AA217;
			productRefGroup = 0B56ED921A8F64030066F22C /* Products */;
			projectDirPath = "";
			projectRoot = "";
			targets = (
				0B56ED901A8F64030066F22C /* gol */,
				0BC8BEA11A901FDD003B1CED /* rungol */,
			);
		};
/* End PBXProject section */

/* Begin PBXSourcesBuildPhase section */
		0B56ED8D1A8F64030066F22C /* Sources */ = {
			isa = PBXSourcesBuildPhase;
			buildActionMask = 2147483647;
			files = (
				0BC8BE921A8F6ECE003B1CED /* gol-cell.c in Sources */,
				0BC8BE951A8F7215003B1CED /* gol-types.c in Sources */,
				0BC8BE9A1A8F8D28003B1CED /* gol-rand-internal.c in Sources */,
				0B56EDA91A8F65520066F22C /* gol-universe.c in Sources */,
			);
			runOnlyForDeploymentPostprocessing = 0;
		};
		0BC8BE9E1A901FDD003B1CED /* Sources */ = {
			isa = PBXSourcesBuildPhase;
			buildActionMask = 2147483647;
			files = (
				0BC8BEA51A901FDD003B1CED /* main.c in Sources */,
			);
			runOnlyForDeploymentPostprocessing = 0;
		};
/* End PBXSourcesBuildPhase section */

/* Begin PBXTargetDependency section */
		0BC8BEAA1A90201E003B1CED /* PBXTargetDependency */ = {
			isa = PBXTargetDependency;
			target = 0B56ED901A8F64030066F22C /* gol */;
			targetProxy = 0BC8BEA91A90201E003B1CED /* PBXContainerItemProxy */;
		};
/* End PBXTargetDependency section */

/* Begin XCBuildConfiguration section */
		0B41E1AE1A8F60E0006AA217 /* Debug */ = {
			isa = XCBuildConfiguration;
			baseConfigurationReference = 0BC8BE8E1A8F6910003B1CED /* GameOfLife.xcconfig */;
			buildSettings = {
				GCC_PREPROCESSOR_DEFINITIONS = (
					"$(inherited)",
					"DEBUG=1",
				);
			};
			name = Debug;
		};
		0B41E1AF1A8F60E0006AA217 /* Release */ = {
			isa = XCBuildConfiguration;
			baseConfigurationReference = 0BC8BE8E1A8F6910003B1CED /* GameOfLife.xcconfig */;
			buildSettings = {
				GCC_PREPROCESSOR_DEFINITIONS = (
					"$(inherited)",
					NDEBUG,
				);
			};
			name = Release;
		};
		0B56EDA41A8F64030066F22C /* Debug */ = {
			isa = XCBuildConfiguration;
			buildSettings = {
				CLANG_WARN_BOOL_CONVERSION = YES;
				CLANG_WARN_CONSTANT_CONVERSION = YES;
				CLANG_WARN_DIRECT_OBJC_ISA_USAGE = YES_ERROR;
				CLANG_WARN_EMPTY_BODY = YES;
				CLANG_WARN_ENUM_CONVERSION = YES;
				CLANG_WARN_INT_CONVERSION = YES;
				CLANG_WARN_OBJC_ROOT_CLASS = YES_ERROR;
				CLANG_WARN_UNREACHABLE_CODE = YES;
				CLANG_WARN__DUPLICATE_METHOD_MATCH = YES;
				COPY_PHASE_STRIP = NO;
				GCC_C_LANGUAGE_STANDARD = c99;
				GCC_OPTIMIZATION_LEVEL = 0;
				GCC_SYMBOLS_PRIVATE_EXTERN = NO;
				GCC_WARN_64_TO_32_BIT_CONVERSION = YES;
				GCC_WARN_ABOUT_RETURN_TYPE = YES_ERROR;
				GCC_WARN_UNINITIALIZED_AUTOS = YES_AGGRESSIVE;
				GCC_WARN_UNUSED_FUNCTION = YES;
				GCC_WARN_UNUSED_VARIABLE = YES;
				IPHONEOS_DEPLOYMENT_TARGET = 8.1;
				ONLY_ACTIVE_ARCH = YES;
				PRODUCT_NAME = "$(TARGET_NAME)";
				SKIP_INSTALL = YES;
			};
			name = Debug;
		};
		0B56EDA51A8F64030066F22C /* Release */ = {
			isa = XCBuildConfiguration;
			buildSettings = {
				CLANG_WARN_BOOL_CONVERSION = YES;
				CLANG_WARN_CONSTANT_CONVERSION = YES;
				CLANG_WARN_DIRECT_OBJC_ISA_USAGE = YES_ERROR;
				CLANG_WARN_EMPTY_BODY = YES;
				CLANG_WARN_ENUM_CONVERSION = YES;
				CLANG_WARN_INT_CONVERSION = YES;
				CLANG_WARN_OBJC_ROOT_CLASS = YES_ERROR;
				CLANG_WARN_UNREACHABLE_CODE = YES;
				CLANG_WARN__DUPLICATE_METHOD_MATCH = YES;
				COPY_PHASE_STRIP = YES;
				GCC_C_LANGUAGE_STANDARD = c99;
				GCC_WARN_64_TO_32_BIT_CONVERSION = YES;
				GCC_WARN_ABOUT_RETURN_TYPE = YES_ERROR;
				GCC_WARN_UNINITIALIZED_AUTOS = YES_AGGRESSIVE;
				GCC_WARN_UNUSED_FUNCTION = YES;
				GCC_WARN_UNUSED_VARIABLE = YES;
				IPHONEOS_DEPLOYMENT_TARGET = 8.1;
				PRODUCT_NAME = "$(TARGET_NAME)";
				SKIP_INSTALL = YES;
				VALIDATE_PRODUCT = YES;
			};
			name = Release;
		};
		0BC8BEA71A901FDD003B1CED /* Debug */ = {
			isa = XCBuildConfiguration;
			buildSettings = {
				ALWAYS_SEARCH_USER_PATHS = NO;
				CLANG_CXX_LANGUAGE_STANDARD = "gnu++0x";
				CLANG_CXX_LIBRARY = "libc++";
				CLANG_ENABLE_MODULES = YES;
				CLANG_ENABLE_OBJC_ARC = YES;
				CLANG_WARN_BOOL_CONVERSION = YES;
				CLANG_WARN_CONSTANT_CONVERSION = YES;
				CLANG_WARN_DIRECT_OBJC_ISA_USAGE = YES_ERROR;
				CLANG_WARN_EMPTY_BODY = YES;
				CLANG_WARN_ENUM_CONVERSION = YES;
				CLANG_WARN_INT_CONVERSION = YES;
				CLANG_WARN_OBJC_ROOT_CLASS = YES_ERROR;
				CLANG_WARN_UNREACHABLE_CODE = YES;
				CLANG_WARN__DUPLICATE_METHOD_MATCH = YES;
				COPY_PHASE_STRIP = NO;
				ENABLE_STRICT_OBJC_MSGSEND = YES;
				GCC_C_LANGUAGE_STANDARD = gnu99;
				GCC_DYNAMIC_NO_PIC = NO;
				GCC_OPTIMIZATION_LEVEL = 0;
				GCC_SYMBOLS_PRIVATE_EXTERN = NO;
				GCC_WARN_64_TO_32_BIT_CONVERSION = YES;
				GCC_WARN_ABOUT_RETURN_TYPE = YES_ERROR;
				GCC_WARN_UNDECLARED_SELECTOR = YES;
				GCC_WARN_UNINITIALIZED_AUTOS = YES_AGGRESSIVE;
				GCC_WARN_UNUSED_FUNCTION = YES;
				GCC_WARN_UNUSED_VARIABLE = YES;
				MACOSX_DEPLOYMENT_TARGET = 10.10;
				MTL_ENABLE_DEBUG_INFO = YES;
				ONLY_ACTIVE_ARCH = YES;
				PRODUCT_NAME = "$(TARGET_NAME)";
				SDKROOT = macosx;
			};
			name = Debug;
		};
		0BC8BEA81A901FDD003B1CED /* Release */ = {
			isa = XCBuildConfiguration;
			buildSettings = {
				ALWAYS_SEARCH_USER_PATHS = NO;
				CLANG_CXX_LANGUAGE_STANDARD = "gnu++0x";
				CLANG_CXX_LIBRARY = "libc++";
				CLANG_ENABLE_MODULES = YES;
				CLANG_ENABLE_OBJC_ARC = YES;
				CLANG_WARN_BOOL_CONVERSION = YES;
				CLANG_WARN_CONSTANT_CONVERSION = YES;
				CLANG_WARN_DIRECT_OBJC_ISA_USAGE = YES_ERROR;
				CLANG_WARN_EMPTY_BODY = YES;
				CLANG_WARN_ENUM_CONVERSION = YES;
				CLANG_WARN_INT_CONVERSION = YES;
				CLANG_WARN_OBJC_ROOT_CLASS = YES_ERROR;
				CLANG_WARN_UNREACHABLE_CODE = YES;
				CLANG_WARN__DUPLICATE_METHOD_MATCH = YES;
				COPY_PHASE_STRIP = YES;
				DEBUG_INFORMATION_FORMAT = "dwarf-with-dsym";
				ENABLE_NS_ASSERTIONS = NO;
				ENABLE_STRICT_OBJC_MSGSEND = YES;
				GCC_C_LANGUAGE_STANDARD = gnu99;
				GCC_WARN_64_TO_32_BIT_CONVERSION = YES;
				GCC_WARN_ABOUT_RETURN_TYPE = YES_ERROR;
				GCC_WARN_UNDECLARED_SELECTOR = YES;
				GCC_WARN_UNINITIALIZED_AUTOS = YES_AGGRESSIVE;
				GCC_WARN_UNUSED_FUNCTION = YES;
				GCC_WARN_UNUSED_VARIABLE = YES;
				MACOSX_DEPLOYMENT_TARGET = 10.10;
				MTL_ENABLE_DEBUG_INFO = NO;
				PRODUCT_NAME = "$(TARGET_NAME)";
				SDKROOT = macosx;
			};
			name = Release;
		};
/* End XCBuildConfiguration section */

/* Begin XCConfigurationList section */
		0B41E1AD1A8F60E0006AA217 /* Build configuration list for PBXProject "GameOfLife" */ = {
			isa = XCConfigurationList;
			buildConfigurations = (
				0B41E1AE1A8F60E0006AA217 /* Debug */,
				0B41E1AF1A8F60E0006AA217 /* Release */,
			);
			defaultConfigurationIsVisible = 0;
			defaultConfigurationName = Release;
		};
		0B56EDA31A8F64030066F22C /* Build configuration list for PBXNativeTarget "gol" */ = {
			isa = XCConfigurationList;
			buildConfigurations = (
				0B56EDA41A8F64030066F22C /* Debug */,
				0B56EDA51A8F64030066F22C /* Release */,
			);
			defaultConfigurationIsVisible = 0;
			defaultConfigurationName = Release;
		};
		0BC8BEA61A901FDD003B1CED /* Build configuration list for PBXNativeTarget "rungol" */ = {
			isa = XCConfigurationList;
			buildConfigurations = (
				0BC8BEA71A901FDD003B1CED /* Debug */,
				0BC8BEA81A901FDD003B1CED /* Release */,
			);
			defaultConfigurationIsVisible = 0;
			defaultConfigurationName = Release;
		};
/* End XCConfigurationList section */
	};
	rootObject = 0B41E1AA1A8F60E0006AA217 /* Project object */;
}
